
Microsoft Visual Studio Solution File, Format Version 12.00
# Visual Studio 14
VisualStudioVersion = 14.0.25420.1
MinimumVisualStudioVersion = 10.0.40219.1
Project("{FAE04EC0-301F-11D3-BF4B-00C04F79EFBC}") = "InstallFireAlarm", "InstallFireAlarm.csproj", "{F630D254-256A-42CD-882B-481778FC2FCF}"
EndProject
Global
	GlobalSection(SolutionConfigurationPlatforms) = preSolution
		Debug|Any CPU = Debug|Any CPU
		Release|Any CPU = Release|Any CPU
	EndGlobalSection
	GlobalSection(ProjectConfigurationPlatforms) = postSolution
		{F630D254-256A-42CD-882B-481778FC2FCF}.Debug|Any CPU.ActiveCfg = Debug|Any CPU
		{F630D254-256A-42CD-882B-481778FC2FCF}.Debug|Any CPU.Build.0 = Debug|Any CPU
		{F630D254-256A-42CD-882B-481778FC2FCF}.Release|Any CPU.ActiveCfg = Release|Any CPU
		{F630D254-256A-42CD-882B-481778FC2FCF}.Release|Any CPU.Build.0 = Release|Any CPU
	EndGlobalSection
	GlobalSection(SolutionProperties) = preSolution
		HideSolutionNode = FALSE
	EndGlobalSection
EndGlobal
